// !$*UTF8*$!
{
	archiveVersion = 1;
	classes = {
	};
	objectVersion = 46;
	objects = {

/* Begin PBXBuildFile section */
		2326076518503A390041BD2D /* SCGroupLightBox.m in Sources */ = {isa = PBXBuildFile; fileRef = 2326076418503A390041BD2D /* SCGroupLightBox.m */; };
		233AE280184FC7AA003B6283 /* SCGroup.m in Sources */ = {isa = PBXBuildFile; fileRef = 233AE27F184FC7AA003B6283 /* SCGroup.m */; };
		233AE283184FC7D6003B6283 /* SCGroupTableViewController.m in Sources */ = {isa = PBXBuildFile; fileRef = 233AE282184FC7D6003B6283 /* SCGroupTableViewController.m */; };
		F8493A27184D2C1600BBF16B /* SCCameraView.m in Sources */ = {isa = PBXBuildFile; fileRef = F8493A26184D2C1600BBF16B /* SCCameraView.m */; };
		F8493A2A184D2C5300BBF16B /* SCPhotoEditingView.m in Sources */ = {isa = PBXBuildFile; fileRef = F8493A29184D2C5300BBF16B /* SCPhotoEditingView.m */; };
		F8493A2D184D2C7600BBF16B /* SCMenuView.m in Sources */ = {isa = PBXBuildFile; fileRef = F8493A2C184D2C7600BBF16B /* SCMenuView.m */; };
		F8493A30184D2CE200BBF16B /* SCSettingsView.m in Sources */ = {isa = PBXBuildFile; fileRef = F8493A2F184D2CE200BBF16B /* SCSettingsView.m */; };
		F8493A33184D2D1500BBF16B /* SCMessageTableViewController.m in Sources */ = {isa = PBXBuildFile; fileRef = F8493A32184D2D1500BBF16B /* SCMessageTableViewController.m */; };
		F8493A40184DE1F100BBF16B /* SCCameraViewController.m in Sources */ = {isa = PBXBuildFile; fileRef = F8493A3F184DE1F100BBF16B /* SCCameraViewController.m */; };
		F8493A43184DEF7E00BBF16B /* SCMessage.m in Sources */ = {isa = PBXBuildFile; fileRef = F8493A42184DEF7E00BBF16B /* SCMessage.m */; };
		F8493A46184DF03E00BBF16B /* SCFriend.m in Sources */ = {isa = PBXBuildFile; fileRef = F8493A45184DF03E00BBF16B /* SCFriend.m */; };
		F8493A49184E554900BBF16B /* SCMenuViewController.m in Sources */ = {isa = PBXBuildFile; fileRef = F8493A48184E554900BBF16B /* SCMenuViewController.m */; };
		F8493A52184EC9F200BBF16B /* MHTabBarController.m in Sources */ = {isa = PBXBuildFile; fileRef = F8493A51184EC9F200BBF16B /* MHTabBarController.m */; };
		F8493A55184EDBB300BBF16B /* SCSettingsViewController.m in Sources */ = {isa = PBXBuildFile; fileRef = F8493A54184EDBB300BBF16B /* SCSettingsViewController.m */; };
		F8493A58184EE10E00BBF16B /* SCReturnCameraViewController.m in Sources */ = {isa = PBXBuildFile; fileRef = F8493A57184EE10E00BBF16B /* SCReturnCameraViewController.m */; };
		F8493A61184F057C00BBF16B /* UIColor+SCColorPalette.m in Sources */ = {isa = PBXBuildFile; fileRef = F8493A60184F057C00BBF16B /* UIColor+SCColorPalette.m */; };
		F8493A67184FBD5200BBF16B /* SCFriendsTableViewController.m in Sources */ = {isa = PBXBuildFile; fileRef = F8493A66184FBD5200BBF16B /* SCFriendsTableViewController.m */; };
		F8493A6A184FC8F300BBF16B /* SCRequestCell.m in Sources */ = {isa = PBXBuildFile; fileRef = F8493A69184FC8F300BBF16B /* SCRequestCell.m */; };
		F8493A6D184FCE1C00BBF16B /* SCRequestsTableViewController.m in Sources */ = {isa = PBXBuildFile; fileRef = F8493A6C184FCE1C00BBF16B /* SCRequestsTableViewController.m */; };
		F8493A73184FF15800BBF16B /* SCLightBox.m in Sources */ = {isa = PBXBuildFile; fileRef = F8493A72184FF15800BBF16B /* SCLightBox.m */; };
		F8493A761850093200BBF16B /* SCPhotoEditingViewController.m in Sources */ = {isa = PBXBuildFile; fileRef = F8493A751850093200BBF16B /* SCPhotoEditingViewController.m */; };
		F8493A79185015D600BBF16B /* SCSelectFriendsViewController.m in Sources */ = {isa = PBXBuildFile; fileRef = F8493A78185015D600BBF16B /* SCSelectFriendsViewController.m */; };
		F8EC621A1831780600EDBE7E /* Foundation.framework in Frameworks */ = {isa = PBXBuildFile; fileRef = F8EC62191831780600EDBE7E /* Foundation.framework */; };
		F8EC621C1831780600EDBE7E /* CoreGraphics.framework in Frameworks */ = {isa = PBXBuildFile; fileRef = F8EC621B1831780600EDBE7E /* CoreGraphics.framework */; };
		F8EC621E1831780600EDBE7E /* UIKit.framework in Frameworks */ = {isa = PBXBuildFile; fileRef = F8EC621D1831780600EDBE7E /* UIKit.framework */; };
		F8EC62241831780600EDBE7E /* InfoPlist.strings in Resources */ = {isa = PBXBuildFile; fileRef = F8EC62221831780600EDBE7E /* InfoPlist.strings */; };
		F8EC62261831780600EDBE7E /* main.m in Sources */ = {isa = PBXBuildFile; fileRef = F8EC62251831780600EDBE7E /* main.m */; };
		F8EC622A1831780600EDBE7E /* SCAppDelegate.m in Sources */ = {isa = PBXBuildFile; fileRef = F8EC62291831780600EDBE7E /* SCAppDelegate.m */; };
		F8EC622C1831780600EDBE7E /* Images.xcassets in Resources */ = {isa = PBXBuildFile; fileRef = F8EC622B1831780600EDBE7E /* Images.xcassets */; };
		F8EC62331831780600EDBE7E /* XCTest.framework in Frameworks */ = {isa = PBXBuildFile; fileRef = F8EC62321831780600EDBE7E /* XCTest.framework */; };
		F8EC62341831780600EDBE7E /* Foundation.framework in Frameworks */ = {isa = PBXBuildFile; fileRef = F8EC62191831780600EDBE7E /* Foundation.framework */; };
		F8EC62351831780600EDBE7E /* UIKit.framework in Frameworks */ = {isa = PBXBuildFile; fileRef = F8EC621D1831780600EDBE7E /* UIKit.framework */; };
		F8EC623D1831780600EDBE7E /* InfoPlist.strings in Resources */ = {isa = PBXBuildFile; fileRef = F8EC623B1831780600EDBE7E /* InfoPlist.strings */; };
		F8EC623F1831780600EDBE7E /* SnapchatTests.m in Sources */ = {isa = PBXBuildFile; fileRef = F8EC623E1831780600EDBE7E /* SnapchatTests.m */; };
/* End PBXBuildFile section */

/* Begin PBXContainerItemProxy section */
		F8EC62361831780600EDBE7E /* PBXContainerItemProxy */ = {
			isa = PBXContainerItemProxy;
			containerPortal = F8EC620E1831780600EDBE7E /* Project object */;
			proxyType = 1;
			remoteGlobalIDString = F8EC62151831780600EDBE7E;
			remoteInfo = Snapchat;
		};
/* End PBXContainerItemProxy section */

/* Begin PBXFileReference section */
		2326076318503A390041BD2D /* SCGroupLightBox.h */ = {isa = PBXFileReference; fileEncoding = 4; lastKnownFileType = sourcecode.c.h; path = SCGroupLightBox.h; sourceTree = "<group>"; };
		2326076418503A390041BD2D /* SCGroupLightBox.m */ = {isa = PBXFileReference; fileEncoding = 4; lastKnownFileType = sourcecode.c.objc; path = SCGroupLightBox.m; sourceTree = "<group>"; };
		233AE27E184FC7AA003B6283 /* SCGroup.h */ = {isa = PBXFileReference; fileEncoding = 4; lastKnownFileType = sourcecode.c.h; path = SCGroup.h; sourceTree = "<group>"; };
		233AE27F184FC7AA003B6283 /* SCGroup.m */ = {isa = PBXFileReference; fileEncoding = 4; lastKnownFileType = sourcecode.c.objc; path = SCGroup.m; sourceTree = "<group>"; };
		233AE281184FC7D6003B6283 /* SCGroupTableViewController.h */ = {isa = PBXFileReference; fileEncoding = 4; lastKnownFileType = sourcecode.c.h; path = SCGroupTableViewController.h; sourceTree = "<group>"; };
		233AE282184FC7D6003B6283 /* SCGroupTableViewController.m */ = {isa = PBXFileReference; fileEncoding = 4; lastKnownFileType = sourcecode.c.objc; path = SCGroupTableViewController.m; sourceTree = "<group>"; };
		F8493A25184D2C1600BBF16B /* SCCameraView.h */ = {isa = PBXFileReference; fileEncoding = 4; lastKnownFileType = sourcecode.c.h; path = SCCameraView.h; sourceTree = "<group>"; };
		F8493A26184D2C1600BBF16B /* SCCameraView.m */ = {isa = PBXFileReference; fileEncoding = 4; lastKnownFileType = sourcecode.c.objc; path = SCCameraView.m; sourceTree = "<group>"; };
		F8493A28184D2C5300BBF16B /* SCPhotoEditingView.h */ = {isa = PBXFileReference; fileEncoding = 4; lastKnownFileType = sourcecode.c.h; path = SCPhotoEditingView.h; sourceTree = "<group>"; };
		F8493A29184D2C5300BBF16B /* SCPhotoEditingView.m */ = {isa = PBXFileReference; fileEncoding = 4; lastKnownFileType = sourcecode.c.objc; path = SCPhotoEditingView.m; sourceTree = "<group>"; };
		F8493A2B184D2C7600BBF16B /* SCMenuView.h */ = {isa = PBXFileReference; fileEncoding = 4; lastKnownFileType = sourcecode.c.h; path = SCMenuView.h; sourceTree = "<group>"; };
		F8493A2C184D2C7600BBF16B /* SCMenuView.m */ = {isa = PBXFileReference; fileEncoding = 4; lastKnownFileType = sourcecode.c.objc; path = SCMenuView.m; sourceTree = "<group>"; };
		F8493A2E184D2CE200BBF16B /* SCSettingsView.h */ = {isa = PBXFileReference; fileEncoding = 4; lastKnownFileType = sourcecode.c.h; path = SCSettingsView.h; sourceTree = "<group>"; };
		F8493A2F184D2CE200BBF16B /* SCSettingsView.m */ = {isa = PBXFileReference; fileEncoding = 4; lastKnownFileType = sourcecode.c.objc; path = SCSettingsView.m; sourceTree = "<group>"; };
		F8493A31184D2D1500BBF16B /* SCMessageTableViewController.h */ = {isa = PBXFileReference; fileEncoding = 4; lastKnownFileType = sourcecode.c.h; path = SCMessageTableViewController.h; sourceTree = "<group>"; };
		F8493A32184D2D1500BBF16B /* SCMessageTableViewController.m */ = {isa = PBXFileReference; fileEncoding = 4; lastKnownFileType = sourcecode.c.objc; path = SCMessageTableViewController.m; sourceTree = "<group>"; };
		F8493A3E184DE1F100BBF16B /* SCCameraViewController.h */ = {isa = PBXFileReference; fileEncoding = 4; lastKnownFileType = sourcecode.c.h; path = SCCameraViewController.h; sourceTree = "<group>"; };
		F8493A3F184DE1F100BBF16B /* SCCameraViewController.m */ = {isa = PBXFileReference; fileEncoding = 4; lastKnownFileType = sourcecode.c.objc; path = SCCameraViewController.m; sourceTree = "<group>"; };
		F8493A41184DEF7E00BBF16B /* SCMessage.h */ = {isa = PBXFileReference; fileEncoding = 4; lastKnownFileType = sourcecode.c.h; path = SCMessage.h; sourceTree = "<group>"; };
		F8493A42184DEF7E00BBF16B /* SCMessage.m */ = {isa = PBXFileReference; fileEncoding = 4; lastKnownFileType = sourcecode.c.objc; path = SCMessage.m; sourceTree = "<group>"; };
		F8493A44184DF03E00BBF16B /* SCFriend.h */ = {isa = PBXFileReference; fileEncoding = 4; lastKnownFileType = sourcecode.c.h; path = SCFriend.h; sourceTree = "<group>"; };
		F8493A45184DF03E00BBF16B /* SCFriend.m */ = {isa = PBXFileReference; fileEncoding = 4; lastKnownFileType = sourcecode.c.objc; path = SCFriend.m; sourceTree = "<group>"; };
		F8493A47184E554900BBF16B /* SCMenuViewController.h */ = {isa = PBXFileReference; fileEncoding = 4; lastKnownFileType = sourcecode.c.h; path = SCMenuViewController.h; sourceTree = "<group>"; };
		F8493A48184E554900BBF16B /* SCMenuViewController.m */ = {isa = PBXFileReference; fileEncoding = 4; lastKnownFileType = sourcecode.c.objc; path = SCMenuViewController.m; sourceTree = "<group>"; };
		F8493A50184EC9F200BBF16B /* MHTabBarController.h */ = {isa = PBXFileReference; fileEncoding = 4; lastKnownFileType = sourcecode.c.h; path = MHTabBarController.h; sourceTree = "<group>"; };
		F8493A51184EC9F200BBF16B /* MHTabBarController.m */ = {isa = PBXFileReference; fileEncoding = 4; lastKnownFileType = sourcecode.c.objc; path = MHTabBarController.m; sourceTree = "<group>"; };
		F8493A53184EDBB300BBF16B /* SCSettingsViewController.h */ = {isa = PBXFileReference; fileEncoding = 4; lastKnownFileType = sourcecode.c.h; path = SCSettingsViewController.h; sourceTree = "<group>"; };
		F8493A54184EDBB300BBF16B /* SCSettingsViewController.m */ = {isa = PBXFileReference; fileEncoding = 4; lastKnownFileType = sourcecode.c.objc; path = SCSettingsViewController.m; sourceTree = "<group>"; };
		F8493A56184EE10E00BBF16B /* SCReturnCameraViewController.h */ = {isa = PBXFileReference; fileEncoding = 4; lastKnownFileType = sourcecode.c.h; path = SCReturnCameraViewController.h; sourceTree = "<group>"; };
		F8493A57184EE10E00BBF16B /* SCReturnCameraViewController.m */ = {isa = PBXFileReference; fileEncoding = 4; lastKnownFileType = sourcecode.c.objc; path = SCReturnCameraViewController.m; sourceTree = "<group>"; };
		F8493A5F184F057C00BBF16B /* UIColor+SCColorPalette.h */ = {isa = PBXFileReference; fileEncoding = 4; lastKnownFileType = sourcecode.c.h; path = "UIColor+SCColorPalette.h"; sourceTree = "<group>"; };
		F8493A60184F057C00BBF16B /* UIColor+SCColorPalette.m */ = {isa = PBXFileReference; fileEncoding = 4; lastKnownFileType = sourcecode.c.objc; path = "UIColor+SCColorPalette.m"; sourceTree = "<group>"; };
		F8493A65184FBD5200BBF16B /* SCFriendsTableViewController.h */ = {isa = PBXFileReference; fileEncoding = 4; lastKnownFileType = sourcecode.c.h; path = SCFriendsTableViewController.h; sourceTree = "<group>"; };
		F8493A66184FBD5200BBF16B /* SCFriendsTableViewController.m */ = {isa = PBXFileReference; fileEncoding = 4; lastKnownFileType = sourcecode.c.objc; path = SCFriendsTableViewController.m; sourceTree = "<group>"; };
		F8493A68184FC8F300BBF16B /* SCRequestCell.h */ = {isa = PBXFileReference; fileEncoding = 4; lastKnownFileType = sourcecode.c.h; path = SCRequestCell.h; sourceTree = "<group>"; };
		F8493A69184FC8F300BBF16B /* SCRequestCell.m */ = {isa = PBXFileReference; fileEncoding = 4; lastKnownFileType = sourcecode.c.objc; path = SCRequestCell.m; sourceTree = "<group>"; };
		F8493A6B184FCE1C00BBF16B /* SCRequestsTableViewController.h */ = {isa = PBXFileReference; fileEncoding = 4; lastKnownFileType = sourcecode.c.h; path = SCRequestsTableViewController.h; sourceTree = "<group>"; };
		F8493A6C184FCE1C00BBF16B /* SCRequestsTableViewController.m */ = {isa = PBXFileReference; fileEncoding = 4; lastKnownFileType = sourcecode.c.objc; path = SCRequestsTableViewController.m; sourceTree = "<group>"; };
		F8493A71184FF15800BBF16B /* SCLightBox.h */ = {isa = PBXFileReference; fileEncoding = 4; lastKnownFileType = sourcecode.c.h; path = SCLightBox.h; sourceTree = "<group>"; };
		F8493A72184FF15800BBF16B /* SCLightBox.m */ = {isa = PBXFileReference; fileEncoding = 4; lastKnownFileType = sourcecode.c.objc; path = SCLightBox.m; sourceTree = "<group>"; };
		F8493A741850093200BBF16B /* SCPhotoEditingViewController.h */ = {isa = PBXFileReference; fileEncoding = 4; lastKnownFileType = sourcecode.c.h; path = SCPhotoEditingViewController.h; sourceTree = "<group>"; };
		F8493A751850093200BBF16B /* SCPhotoEditingViewController.m */ = {isa = PBXFileReference; fileEncoding = 4; lastKnownFileType = sourcecode.c.objc; path = SCPhotoEditingViewController.m; sourceTree = "<group>"; };
		F8493A77185015D600BBF16B /* SCSelectFriendsViewController.h */ = {isa = PBXFileReference; fileEncoding = 4; lastKnownFileType = sourcecode.c.h; path = SCSelectFriendsViewController.h; sourceTree = "<group>"; };
		F8493A78185015D600BBF16B /* SCSelectFriendsViewController.m */ = {isa = PBXFileReference; fileEncoding = 4; lastKnownFileType = sourcecode.c.objc; path = SCSelectFriendsViewController.m; sourceTree = "<group>"; };
		F8EC62161831780600EDBE7E /* Snapchat.app */ = {isa = PBXFileReference; explicitFileType = wrapper.application; includeInIndex = 0; path = Snapchat.app; sourceTree = BUILT_PRODUCTS_DIR; };
		F8EC62191831780600EDBE7E /* Foundation.framework */ = {isa = PBXFileReference; lastKnownFileType = wrapper.framework; name = Foundation.framework; path = System/Library/Frameworks/Foundation.framework; sourceTree = SDKROOT; };
		F8EC621B1831780600EDBE7E /* CoreGraphics.framework */ = {isa = PBXFileReference; lastKnownFileType = wrapper.framework; name = CoreGraphics.framework; path = System/Library/Frameworks/CoreGraphics.framework; sourceTree = SDKROOT; };
		F8EC621D1831780600EDBE7E /* UIKit.framework */ = {isa = PBXFileReference; lastKnownFileType = wrapper.framework; name = UIKit.framework; path = System/Library/Frameworks/UIKit.framework; sourceTree = SDKROOT; };
		F8EC62211831780600EDBE7E /* Snapchat-Info.plist */ = {isa = PBXFileReference; lastKnownFileType = text.plist.xml; path = "Snapchat-Info.plist"; sourceTree = "<group>"; };
		F8EC62231831780600EDBE7E /* en */ = {isa = PBXFileReference; lastKnownFileType = text.plist.strings; name = en; path = en.lproj/InfoPlist.strings; sourceTree = "<group>"; };
		F8EC62251831780600EDBE7E /* main.m */ = {isa = PBXFileReference; lastKnownFileType = sourcecode.c.objc; path = main.m; sourceTree = "<group>"; };
		F8EC62271831780600EDBE7E /* Snapchat-Prefix.pch */ = {isa = PBXFileReference; lastKnownFileType = sourcecode.c.h; path = "Snapchat-Prefix.pch"; sourceTree = "<group>"; };
		F8EC62281831780600EDBE7E /* SCAppDelegate.h */ = {isa = PBXFileReference; lastKnownFileType = sourcecode.c.h; path = SCAppDelegate.h; sourceTree = "<group>"; };
		F8EC62291831780600EDBE7E /* SCAppDelegate.m */ = {isa = PBXFileReference; lastKnownFileType = sourcecode.c.objc; path = SCAppDelegate.m; sourceTree = "<group>"; };
		F8EC622B1831780600EDBE7E /* Images.xcassets */ = {isa = PBXFileReference; lastKnownFileType = folder.assetcatalog; path = Images.xcassets; sourceTree = "<group>"; };
		F8EC62311831780600EDBE7E /* SnapchatTests.xctest */ = {isa = PBXFileReference; explicitFileType = wrapper.cfbundle; includeInIndex = 0; path = SnapchatTests.xctest; sourceTree = BUILT_PRODUCTS_DIR; };
		F8EC62321831780600EDBE7E /* XCTest.framework */ = {isa = PBXFileReference; lastKnownFileType = wrapper.framework; name = XCTest.framework; path = Library/Frameworks/XCTest.framework; sourceTree = DEVELOPER_DIR; };
		F8EC623A1831780600EDBE7E /* SnapchatTests-Info.plist */ = {isa = PBXFileReference; lastKnownFileType = text.plist.xml; path = "SnapchatTests-Info.plist"; sourceTree = "<group>"; };
		F8EC623C1831780600EDBE7E /* en */ = {isa = PBXFileReference; lastKnownFileType = text.plist.strings; name = en; path = en.lproj/InfoPlist.strings; sourceTree = "<group>"; };
		F8EC623E1831780600EDBE7E /* SnapchatTests.m */ = {isa = PBXFileReference; lastKnownFileType = sourcecode.c.objc; path = SnapchatTests.m; sourceTree = "<group>"; };
/* End PBXFileReference section */

/* Begin PBXFrameworksBuildPhase section */
		F8EC62131831780600EDBE7E /* Frameworks */ = {
			isa = PBXFrameworksBuildPhase;
			buildActionMask = 2147483647;
			files = (
				F8EC621C1831780600EDBE7E /* CoreGraphics.framework in Frameworks */,
				F8EC621E1831780600EDBE7E /* UIKit.framework in Frameworks */,
				F8EC621A1831780600EDBE7E /* Foundation.framework in Frameworks */,
			);
			runOnlyForDeploymentPostprocessing = 0;
		};
		F8EC622E1831780600EDBE7E /* Frameworks */ = {
			isa = PBXFrameworksBuildPhase;
			buildActionMask = 2147483647;
			files = (
				F8EC62331831780600EDBE7E /* XCTest.framework in Frameworks */,
				F8EC62351831780600EDBE7E /* UIKit.framework in Frameworks */,
				F8EC62341831780600EDBE7E /* Foundation.framework in Frameworks */,
			);
			runOnlyForDeploymentPostprocessing = 0;
		};
/* End PBXFrameworksBuildPhase section */

/* Begin PBXGroup section */
		F8EC620D1831780600EDBE7E = {
			isa = PBXGroup;
			children = (
				F8EC621F1831780600EDBE7E /* Snapchat */,
				F8EC62381831780600EDBE7E /* SnapchatTests */,
				F8EC62181831780600EDBE7E /* Frameworks */,
				F8EC62171831780600EDBE7E /* Products */,
			);
			sourceTree = "<group>";
		};
		F8EC62171831780600EDBE7E /* Products */ = {
			isa = PBXGroup;
			children = (
				F8EC62161831780600EDBE7E /* Snapchat.app */,
				F8EC62311831780600EDBE7E /* SnapchatTests.xctest */,
			);
			name = Products;
			sourceTree = "<group>";
		};
		F8EC62181831780600EDBE7E /* Frameworks */ = {
			isa = PBXGroup;
			children = (
				F8EC62191831780600EDBE7E /* Foundation.framework */,
				F8EC621B1831780600EDBE7E /* CoreGraphics.framework */,
				F8EC621D1831780600EDBE7E /* UIKit.framework */,
				F8EC62321831780600EDBE7E /* XCTest.framework */,
			);
			name = Frameworks;
			sourceTree = "<group>";
		};
		F8EC621F1831780600EDBE7E /* Snapchat */ = {
			isa = PBXGroup;
			children = (
				F8EC62281831780600EDBE7E /* SCAppDelegate.h */,
				F8EC62291831780600EDBE7E /* SCAppDelegate.m */,
				F8493A25184D2C1600BBF16B /* SCCameraView.h */,
				F8493A26184D2C1600BBF16B /* SCCameraView.m */,
				F8493A3E184DE1F100BBF16B /* SCCameraViewController.h */,
				F8493A3F184DE1F100BBF16B /* SCCameraViewController.m */,
				F8493A28184D2C5300BBF16B /* SCPhotoEditingView.h */,
				F8493A29184D2C5300BBF16B /* SCPhotoEditingView.m */,
				F8493A741850093200BBF16B /* SCPhotoEditingViewController.h */,
				F8493A751850093200BBF16B /* SCPhotoEditingViewController.m */,
				F8493A77185015D600BBF16B /* SCSelectFriendsViewController.h */,
				F8493A78185015D600BBF16B /* SCSelectFriendsViewController.m */,
				F8493A2B184D2C7600BBF16B /* SCMenuView.h */,
				F8493A2C184D2C7600BBF16B /* SCMenuView.m */,
				233AE27E184FC7AA003B6283 /* SCGroup.h */,
				233AE27F184FC7AA003B6283 /* SCGroup.m */,
				233AE281184FC7D6003B6283 /* SCGroupTableViewController.h */,
				233AE282184FC7D6003B6283 /* SCGroupTableViewController.m */,
				F8493A47184E554900BBF16B /* SCMenuViewController.h */,
				F8493A48184E554900BBF16B /* SCMenuViewController.m */,
				F8493A50184EC9F200BBF16B /* MHTabBarController.h */,
				F8493A51184EC9F200BBF16B /* MHTabBarController.m */,
				F8493A68184FC8F300BBF16B /* SCRequestCell.h */,
				F8493A69184FC8F300BBF16B /* SCRequestCell.m */,
				F8493A71184FF15800BBF16B /* SCLightBox.h */,
				F8493A72184FF15800BBF16B /* SCLightBox.m */,
				2326076318503A390041BD2D /* SCGroupLightBox.h */,
				2326076418503A390041BD2D /* SCGroupLightBox.m */,
				F8493A41184DEF7E00BBF16B /* SCMessage.h */,
				F8493A42184DEF7E00BBF16B /* SCMessage.m */,
				F8493A44184DF03E00BBF16B /* SCFriend.h */,
				F8493A45184DF03E00BBF16B /* SCFriend.m */,
				F8493A65184FBD5200BBF16B /* SCFriendsTableViewController.h */,
				F8493A66184FBD5200BBF16B /* SCFriendsTableViewController.m */,
				F8493A6B184FCE1C00BBF16B /* SCRequestsTableViewController.h */,
				F8493A6C184FCE1C00BBF16B /* SCRequestsTableViewController.m */,
				F8493A2E184D2CE200BBF16B /* SCSettingsView.h */,
				F8493A2F184D2CE200BBF16B /* SCSettingsView.m */,
				F8493A53184EDBB300BBF16B /* SCSettingsViewController.h */,
				F8493A54184EDBB300BBF16B /* SCSettingsViewController.m */,
				F8493A31184D2D1500BBF16B /* SCMessageTableViewController.h */,
				F8493A32184D2D1500BBF16B /* SCMessageTableViewController.m */,
				F8493A5F184F057C00BBF16B /* UIColor+SCColorPalette.h */,
				F8493A60184F057C00BBF16B /* UIColor+SCColorPalette.m */,
				F8493A56184EE10E00BBF16B /* SCReturnCameraViewController.h */,
				F8493A57184EE10E00BBF16B /* SCReturnCameraViewController.m */,
				F8EC622B1831780600EDBE7E /* Images.xcassets */,
				F8EC62201831780600EDBE7E /* Supporting Files */,
			);
			path = Snapchat;
			sourceTree = "<group>";
		};
		F8EC62201831780600EDBE7E /* Supporting Files */ = {
			isa = PBXGroup;
			children = (
				F8EC62211831780600EDBE7E /* Snapchat-Info.plist */,
				F8EC62221831780600EDBE7E /* InfoPlist.strings */,
				F8EC62251831780600EDBE7E /* main.m */,
				F8EC62271831780600EDBE7E /* Snapchat-Prefix.pch */,
			);
			name = "Supporting Files";
			sourceTree = "<group>";
		};
		F8EC62381831780600EDBE7E /* SnapchatTests */ = {
			isa = PBXGroup;
			children = (
				F8EC623E1831780600EDBE7E /* SnapchatTests.m */,
				F8EC62391831780600EDBE7E /* Supporting Files */,
			);
			path = SnapchatTests;
			sourceTree = "<group>";
		};
		F8EC62391831780600EDBE7E /* Supporting Files */ = {
			isa = PBXGroup;
			children = (
				F8EC623A1831780600EDBE7E /* SnapchatTests-Info.plist */,
				F8EC623B1831780600EDBE7E /* InfoPlist.strings */,
			);
			name = "Supporting Files";
			sourceTree = "<group>";
		};
/* End PBXGroup section */

/* Begin PBXNativeTarget section */
		F8EC62151831780600EDBE7E /* Snapchat */ = {
			isa = PBXNativeTarget;
			buildConfigurationList = F8EC62421831780600EDBE7E /* Build configuration list for PBXNativeTarget "Snapchat" */;
			buildPhases = (
				F8EC62121831780600EDBE7E /* Sources */,
				F8EC62131831780600EDBE7E /* Frameworks */,
				F8EC62141831780600EDBE7E /* Resources */,
			);
			buildRules = (
			);
			dependencies = (
			);
			name = Snapchat;
			productName = Snapchat;
			productReference = F8EC62161831780600EDBE7E /* Snapchat.app */;
			productType = "com.apple.product-type.application";
		};
		F8EC62301831780600EDBE7E /* SnapchatTests */ = {
			isa = PBXNativeTarget;
			buildConfigurationList = F8EC62451831780600EDBE7E /* Build configuration list for PBXNativeTarget "SnapchatTests" */;
			buildPhases = (
				F8EC622D1831780600EDBE7E /* Sources */,
				F8EC622E1831780600EDBE7E /* Frameworks */,
				F8EC622F1831780600EDBE7E /* Resources */,
			);
			buildRules = (
			);
			dependencies = (
				F8EC62371831780600EDBE7E /* PBXTargetDependency */,
			);
			name = SnapchatTests;
			productName = SnapchatTests;
			productReference = F8EC62311831780600EDBE7E /* SnapchatTests.xctest */;
			productType = "com.apple.product-type.bundle.unit-test";
		};
/* End PBXNativeTarget section */

/* Begin PBXProject section */
		F8EC620E1831780600EDBE7E /* Project object */ = {
			isa = PBXProject;
			attributes = {
				CLASSPREFIX = SC;
				LastUpgradeCheck = 0500;
				ORGANIZATIONNAME = "Jessica Liang";
				TargetAttributes = {
					F8EC62151831780600EDBE7E = {
						DevelopmentTeam = D7JSK3G35D;
					};
					F8EC62301831780600EDBE7E = {
						TestTargetID = F8EC62151831780600EDBE7E;
					};
				};
			};
			buildConfigurationList = F8EC62111831780600EDBE7E /* Build configuration list for PBXProject "Snapchat" */;
			compatibilityVersion = "Xcode 3.2";
			developmentRegion = English;
			hasScannedForEncodings = 0;
			knownRegions = (
				en,
			);
			mainGroup = F8EC620D1831780600EDBE7E;
			productRefGroup = F8EC62171831780600EDBE7E /* Products */;
			projectDirPath = "";
			projectRoot = "";
			targets = (
				F8EC62151831780600EDBE7E /* Snapchat */,
				F8EC62301831780600EDBE7E /* SnapchatTests */,
			);
		};
/* End PBXProject section */

/* Begin PBXResourcesBuildPhase section */
		F8EC62141831780600EDBE7E /* Resources */ = {
			isa = PBXResourcesBuildPhase;
			buildActionMask = 2147483647;
			files = (
				F8EC62241831780600EDBE7E /* InfoPlist.strings in Resources */,
				F8EC622C1831780600EDBE7E /* Images.xcassets in Resources */,
			);
			runOnlyForDeploymentPostprocessing = 0;
		};
		F8EC622F1831780600EDBE7E /* Resources */ = {
			isa = PBXResourcesBuildPhase;
			buildActionMask = 2147483647;
			files = (
				F8EC623D1831780600EDBE7E /* InfoPlist.strings in Resources */,
			);
			runOnlyForDeploymentPostprocessing = 0;
		};
/* End PBXResourcesBuildPhase section */

/* Begin PBXSourcesBuildPhase section */
		F8EC62121831780600EDBE7E /* Sources */ = {
			isa = PBXSourcesBuildPhase;
			buildActionMask = 2147483647;
			files = (
				2326076518503A390041BD2D /* SCGroupLightBox.m in Sources */,
				F8EC622A1831780600EDBE7E /* SCAppDelegate.m in Sources */,
				F8EC62261831780600EDBE7E /* main.m in Sources */,
				F8493A6D184FCE1C00BBF16B /* SCRequestsTableViewController.m in Sources */,
				F8493A2A184D2C5300BBF16B /* SCPhotoEditingView.m in Sources */,
				F8493A79185015D600BBF16B /* SCSelectFriendsViewController.m in Sources */,
				F8493A6A184FC8F300BBF16B /* SCRequestCell.m in Sources */,
				F8493A33184D2D1500BBF16B /* SCMessageTableViewController.m in Sources */,
				F8493A67184FBD5200BBF16B /* SCFriendsTableViewController.m in Sources */,
				F8493A52184EC9F200BBF16B /* MHTabBarController.m in Sources */,
				233AE283184FC7D6003B6283 /* SCGroupTableViewController.m in Sources */,
				F8493A2D184D2C7600BBF16B /* SCMenuView.m in Sources */,
				F8493A58184EE10E00BBF16B /* SCReturnCameraViewController.m in Sources */,
				F8493A43184DEF7E00BBF16B /* SCMessage.m in Sources */,
				F8493A761850093200BBF16B /* SCPhotoEditingViewController.m in Sources */,
				F8493A27184D2C1600BBF16B /* SCCameraView.m in Sources */,
				F8493A61184F057C00BBF16B /* UIColor+SCColorPalette.m in Sources */,
				F8493A55184EDBB300BBF16B /* SCSettingsViewController.m in Sources */,
				F8493A30184D2CE200BBF16B /* SCSettingsView.m in Sources */,
				F8493A40184DE1F100BBF16B /* SCCameraViewController.m in Sources */,
				F8493A46184DF03E00BBF16B /* SCFriend.m in Sources */,
				F8493A49184E554900BBF16B /* SCMenuViewController.m in Sources */,
				F8493A73184FF15800BBF16B /* SCLightBox.m in Sources */,
				233AE280184FC7AA003B6283 /* SCGroup.m in Sources */,
			);
			runOnlyForDeploymentPostprocessing = 0;
		};
		F8EC622D1831780600EDBE7E /* Sources */ = {
			isa = PBXSourcesBuildPhase;
			buildActionMask = 2147483647;
			files = (
				F8EC623F1831780600EDBE7E /* SnapchatTests.m in Sources */,
			);
			runOnlyForDeploymentPostprocessing = 0;
		};
/* End PBXSourcesBuildPhase section */

/* Begin PBXTargetDependency section */
		F8EC62371831780600EDBE7E /* PBXTargetDependency */ = {
			isa = PBXTargetDependency;
			target = F8EC62151831780600EDBE7E /* Snapchat */;
			targetProxy = F8EC62361831780600EDBE7E /* PBXContainerItemProxy */;
		};
/* End PBXTargetDependency section */

/* Begin PBXVariantGroup section */
		F8EC62221831780600EDBE7E /* InfoPlist.strings */ = {
			isa = PBXVariantGroup;
			children = (
				F8EC62231831780600EDBE7E /* en */,
			);
			name = InfoPlist.strings;
			sourceTree = "<group>";
		};
		F8EC623B1831780600EDBE7E /* InfoPlist.strings */ = {
			isa = PBXVariantGroup;
			children = (
				F8EC623C1831780600EDBE7E /* en */,
			);
			name = InfoPlist.strings;
			sourceTree = "<group>";
		};
/* End PBXVariantGroup section */

/* Begin XCBuildConfiguration section */
		F8EC62401831780600EDBE7E /* Debug */ = {
			isa = XCBuildConfiguration;
			buildSettings = {
				ALWAYS_SEARCH_USER_PATHS = NO;
				ARCHS = "$(ARCHS_STANDARD_INCLUDING_64_BIT)";
				CLANG_CXX_LANGUAGE_STANDARD = "gnu++0x";
				CLANG_CXX_LIBRARY = "libc++";
				CLANG_ENABLE_MODULES = YES;
				CLANG_ENABLE_OBJC_ARC = YES;
				CLANG_WARN_BOOL_CONVERSION = YES;
				CLANG_WARN_CONSTANT_CONVERSION = YES;
				CLANG_WARN_DIRECT_OBJC_ISA_USAGE = YES_ERROR;
				CLANG_WARN_EMPTY_BODY = YES;
				CLANG_WARN_ENUM_CONVERSION = YES;
				CLANG_WARN_INT_CONVERSION = YES;
				CLANG_WARN_OBJC_ROOT_CLASS = YES_ERROR;
				CLANG_WARN__DUPLICATE_METHOD_MATCH = YES;
				"CODE_SIGN_IDENTITY[sdk=iphoneos*]" = "iPhone Developer";
				COPY_PHASE_STRIP = NO;
				GCC_C_LANGUAGE_STANDARD = gnu99;
				GCC_DYNAMIC_NO_PIC = NO;
				GCC_OPTIMIZATION_LEVEL = 0;
				GCC_PREPROCESSOR_DEFINITIONS = (
					"DEBUG=1",
					"$(inherited)",
				);
				GCC_SYMBOLS_PRIVATE_EXTERN = NO;
				GCC_WARN_64_TO_32_BIT_CONVERSION = YES;
				GCC_WARN_ABOUT_RETURN_TYPE = YES_ERROR;
				GCC_WARN_UNDECLARED_SELECTOR = YES;
				GCC_WARN_UNINITIALIZED_AUTOS = YES;
				GCC_WARN_UNUSED_FUNCTION = YES;
				GCC_WARN_UNUSED_VARIABLE = YES;
				IPHONEOS_DEPLOYMENT_TARGET = 7.0;
				ONLY_ACTIVE_ARCH = YES;
				SDKROOT = iphoneos;
			};
			name = Debug;
		};
		F8EC62411831780600EDBE7E /* Release */ = {
			isa = XCBuildConfiguration;
			buildSettings = {
				ALWAYS_SEARCH_USER_PATHS = NO;
				ARCHS = "$(ARCHS_STANDARD_INCLUDING_64_BIT)";
				CLANG_CXX_LANGUAGE_STANDARD = "gnu++0x";
				CLANG_CXX_LIBRARY = "libc++";
				CLANG_ENABLE_MODULES = YES;
				CLANG_ENABLE_OBJC_ARC = YES;
				CLANG_WARN_BOOL_CONVERSION = YES;
				CLANG_WARN_CONSTANT_CONVERSION = YES;
				CLANG_WARN_DIRECT_OBJC_ISA_USAGE = YES_ERROR;
				CLANG_WARN_EMPTY_BODY = YES;
				CLANG_WARN_ENUM_CONVERSION = YES;
				CLANG_WARN_INT_CONVERSION = YES;
				CLANG_WARN_OBJC_ROOT_CLASS = YES_ERROR;
				CLANG_WARN__DUPLICATE_METHOD_MATCH = YES;
				"CODE_SIGN_IDENTITY[sdk=iphoneos*]" = "iPhone Developer";
				COPY_PHASE_STRIP = YES;
				ENABLE_NS_ASSERTIONS = NO;
				GCC_C_LANGUAGE_STANDARD = gnu99;
				GCC_WARN_64_TO_32_BIT_CONVERSION = YES;
				GCC_WARN_ABOUT_RETURN_TYPE = YES_ERROR;
				GCC_WARN_UNDECLARED_SELECTOR = YES;
				GCC_WARN_UNINITIALIZED_AUTOS = YES;
				GCC_WARN_UNUSED_FUNCTION = YES;
				GCC_WARN_UNUSED_VARIABLE = YES;
				IPHONEOS_DEPLOYMENT_TARGET = 7.0;
				SDKROOT = iphoneos;
				VALIDATE_PRODUCT = YES;
			};
			name = Release;
		};
		F8EC62431831780600EDBE7E /* Debug */ = {
			isa = XCBuildConfiguration;
			buildSettings = {
				ASSETCATALOG_COMPILER_APPICON_NAME = AppIcon;
				ASSETCATALOG_COMPILER_LAUNCHIMAGE_NAME = LaunchImage;
				CODE_SIGN_IDENTITY = "iPhone Developer";
				"CODE_SIGN_IDENTITY[sdk=iphoneos*]" = "iPhone Developer";
				GCC_PRECOMPILE_PREFIX_HEADER = YES;
				GCC_PREFIX_HEADER = "Snapchat/Snapchat-Prefix.pch";
				INFOPLIST_FILE = "Snapchat/Snapchat-Info.plist";
				PRODUCT_NAME = "$(TARGET_NAME)";
				PROVISIONING_PROFILE = "";
				WRAPPER_EXTENSION = app;
			};
			name = Debug;
		};
		F8EC62441831780600EDBE7E /* Release */ = {
			isa = XCBuildConfiguration;
			buildSettings = {
				ASSETCATALOG_COMPILER_APPICON_NAME = AppIcon;
				ASSETCATALOG_COMPILER_LAUNCHIMAGE_NAME = LaunchImage;
				CODE_SIGN_IDENTITY = "iPhone Developer";
				"CODE_SIGN_IDENTITY[sdk=iphoneos*]" = "iPhone Developer";
				GCC_PRECOMPILE_PREFIX_HEADER = YES;
				GCC_PREFIX_HEADER = "Snapchat/Snapchat-Prefix.pch";
				INFOPLIST_FILE = "Snapchat/Snapchat-Info.plist";
				PRODUCT_NAME = "$(TARGET_NAME)";
				PROVISIONING_PROFILE = "";
				WRAPPER_EXTENSION = app;
			};
			name = Release;
		};
		F8EC62461831780600EDBE7E /* Debug */ = {
			isa = XCBuildConfiguration;
			buildSettings = {
				ARCHS = "$(ARCHS_STANDARD_INCLUDING_64_BIT)";
				BUNDLE_LOADER = "$(BUILT_PRODUCTS_DIR)/Snapchat.app/Snapchat";
				FRAMEWORK_SEARCH_PATHS = (
					"$(SDKROOT)/Developer/Library/Frameworks",
					"$(inherited)",
					"$(DEVELOPER_FRAMEWORKS_DIR)",
				);
				GCC_PRECOMPILE_PREFIX_HEADER = YES;
				GCC_PREFIX_HEADER = "Snapchat/Snapchat-Prefix.pch";
				GCC_PREPROCESSOR_DEFINITIONS = (
					"DEBUG=1",
					"$(inherited)",
				);
				INFOPLIST_FILE = "SnapchatTests/SnapchatTests-Info.plist";
				PRODUCT_NAME = "$(TARGET_NAME)";
				TEST_HOST = "$(BUNDLE_LOADER)";
				WRAPPER_EXTENSION = xctest;
			};
			name = Debug;
		};
		F8EC62471831780600EDBE7E /* Release */ = {
			isa = XCBuildConfiguration;
			buildSettings = {
				ARCHS = "$(ARCHS_STANDARD_INCLUDING_64_BIT)";
				BUNDLE_LOADER = "$(BUILT_PRODUCTS_DIR)/Snapchat.app/Snapchat";
				FRAMEWORK_SEARCH_PATHS = (
					"$(SDKROOT)/Developer/Library/Frameworks",
					"$(inherited)",
					"$(DEVELOPER_FRAMEWORKS_DIR)",
				);
				GCC_PRECOMPILE_PREFIX_HEADER = YES;
				GCC_PREFIX_HEADER = "Snapchat/Snapchat-Prefix.pch";
				INFOPLIST_FILE = "SnapchatTests/SnapchatTests-Info.plist";
				PRODUCT_NAME = "$(TARGET_NAME)";
				TEST_HOST = "$(BUNDLE_LOADER)";
				WRAPPER_EXTENSION = xctest;
			};
			name = Release;
		};
/* End XCBuildConfiguration section */

/* Begin XCConfigurationList section */
		F8EC62111831780600EDBE7E /* Build configuration list for PBXProject "Snapchat" */ = {
			isa = XCConfigurationList;
			buildConfigurations = (
				F8EC62401831780600EDBE7E /* Debug */,
				F8EC62411831780600EDBE7E /* Release */,
			);
			defaultConfigurationIsVisible = 0;
			defaultConfigurationName = Release;
		};
		F8EC62421831780600EDBE7E /* Build configuration list for PBXNativeTarget "Snapchat" */ = {
			isa = XCConfigurationList;
			buildConfigurations = (
				F8EC62431831780600EDBE7E /* Debug */,
				F8EC62441831780600EDBE7E /* Release */,
			);
			defaultConfigurationIsVisible = 0;
			defaultConfigurationName = Release;
		};
		F8EC62451831780600EDBE7E /* Build configuration list for PBXNativeTarget "SnapchatTests" */ = {
			isa = XCConfigurationList;
			buildConfigurations = (
				F8EC62461831780600EDBE7E /* Debug */,
				F8EC62471831780600EDBE7E /* Release */,
			);
			defaultConfigurationIsVisible = 0;
			defaultConfigurationName = Release;
		};
/* End XCConfigurationList section */
	};
	rootObject = F8EC620E1831780600EDBE7E /* Project object */;
}
